{
  "name": "ajs-2",
  "version": "1.0.0",
  "lockfileVersion": 3,
  "requires": true,
  "packages": {
    "": {
      "name": "ajs-2",
      "version": "1.0.0",
      "license": "ISC",
      "dependencies": {
        "@dan4te/ajs-": "^1.0.0"
      }
    },
    "node_modules/@dan4te/ajs-": {
      "version": "1.0.0",
      "resolved": "https://npm.pkg.github.com/download/@dan4te/ajs-/1.0.0/005788a7c663da0c1c4cce07c1d9b7bee0e5c8dc",
      "integrity": "sha512-7OOHrkkPj/xF2Jb0Yc7KKaO6cPX7AA8ZeSrZJazdxIDtMonZXEAiUjdrcWPwEhMHCL2OS4yR8F6FZQnYkrSWPA==",
      "license": "ISC"
    }
  }
}
